
Microsoft Visual Studio Solution File, Format Version 12.00
# Visual Studio Version 17
VisualStudioVersion = 17.0.32112.339
MinimumVisualStudioVersion = 10.0.40219.1
Project("{FAE04EC0-301F-11D3-BF4B-00C04F79EFBC}") = "ConversionApi", "ConversionApi\ConversionApi.csproj", "{FD3C528B-AFB0-43AA-B9B4-D01A756159A7}"
EndProject
Project("{FAE04EC0-301F-11D3-BF4B-00C04F79EFBC}") = "ConversionLibrary", "VonversionLibrary\ConversionLibrary.csproj", "{9338B6C6-15FA-4A1A-8D0E-FAE170347289}"
EndProject
Global
	GlobalSection(SolutionConfigurationPlatforms) = preSolution
		Debug|Any CPU = Debug|Any CPU
		Release|Any CPU = Release|Any CPU
	EndGlobalSection
	GlobalSection(ProjectConfigurationPlatforms) = postSolution
		{FD3C528B-AFB0-43AA-B9B4-D01A756159A7}.Debug|Any CPU.ActiveCfg = Debug|Any CPU
		{FD3C528B-AFB0-43AA-B9B4-D01A756159A7}.Debug|Any CPU.Build.0 = Debug|Any CPU
		{FD3C528B-AFB0-43AA-B9B4-D01A756159A7}.Release|Any CPU.ActiveCfg = Release|Any CPU
		{FD3C528B-AFB0-43AA-B9B4-D01A756159A7}.Release|Any CPU.Build.0 = Release|Any CPU
		{9338B6C6-15FA-4A1A-8D0E-FAE170347289}.Debug|Any CPU.ActiveCfg = Debug|Any CPU
		{9338B6C6-15FA-4A1A-8D0E-FAE170347289}.Debug|Any CPU.Build.0 = Debug|Any CPU
		{9338B6C6-15FA-4A1A-8D0E-FAE170347289}.Release|Any CPU.ActiveCfg = Release|Any CPU
		{9338B6C6-15FA-4A1A-8D0E-FAE170347289}.Release|Any CPU.Build.0 = Release|Any CPU
	EndGlobalSection
	GlobalSection(SolutionProperties) = preSolution
		HideSolutionNode = FALSE
	EndGlobalSection
	GlobalSection(ExtensibilityGlobals) = postSolution
		SolutionGuid = {CB5752BF-CD43-4E1E-BD50-1293B4F0D6E6}
	EndGlobalSection
EndGlobal
